
Microsoft Visual Studio Solution File, Format Version 12.00
# Visual Studio Version 17
VisualStudioVersion = 17.0.31903.59
MinimumVisualStudioVersion = 10.0.40219.1
Project("{9A19103F-16F7-4668-BE54-9A1E7A4F7556}") = "API", "API\API.csproj", "{3AE00518-8775-417E-9482-0ADA4223B78C}"
EndProject
Project("{54A90642-561A-4BB1-A94E-469ADEE60C69}") = "client", "client\client.esproj", "{CAE1439B-4226-4316-BA0C-D2C651B145F4}"
EndProject
Global
	GlobalSection(SolutionConfigurationPlatforms) = preSolution
		Debug|Any CPU = Debug|Any CPU
		Release|Any CPU = Release|Any CPU
	EndGlobalSection
	GlobalSection(ProjectConfigurationPlatforms) = postSolution
		{3AE00518-8775-417E-9482-0ADA4223B78C}.Debug|Any CPU.ActiveCfg = Debug|Any CPU
		{3AE00518-8775-417E-9482-0ADA4223B78C}.Debug|Any CPU.Build.0 = Debug|Any CPU
		{3AE00518-8775-417E-9482-0ADA4223B78C}.Release|Any CPU.ActiveCfg = Release|Any CPU
		{3AE00518-8775-417E-9482-0ADA4223B78C}.Release|Any CPU.Build.0 = Release|Any CPU
		{CAE1439B-4226-4316-BA0C-D2C651B145F4}.Debug|Any CPU.ActiveCfg = Debug|Any CPU
		{CAE1439B-4226-4316-BA0C-D2C651B145F4}.Debug|Any CPU.Build.0 = Debug|Any CPU
		{CAE1439B-4226-4316-BA0C-D2C651B145F4}.Debug|Any CPU.Deploy.0 = Debug|Any CPU
		{CAE1439B-4226-4316-BA0C-D2C651B145F4}.Release|Any CPU.ActiveCfg = Release|Any CPU
		{CAE1439B-4226-4316-BA0C-D2C651B145F4}.Release|Any CPU.Build.0 = Release|Any CPU
		{CAE1439B-4226-4316-BA0C-D2C651B145F4}.Release|Any CPU.Deploy.0 = Release|Any CPU
	EndGlobalSection
	GlobalSection(SolutionProperties) = preSolution
		HideSolutionNode = FALSE
	EndGlobalSection
	GlobalSection(ExtensibilityGlobals) = postSolution
		SolutionGuid = {254BBA3B-B6A4-4C07-A42C-656184156CD4}
	EndGlobalSection
EndGlobal
